
Microsoft Visual Studio Solution File, Format Version 12.00
# Visual Studio Version 17
VisualStudioVersion = 17.9.34714.143
MinimumVisualStudioVersion = 10.0.40219.1
Project("{9A19103F-16F7-4668-BE54-9A1E7A4F7556}") = "StreamingServiceUI", "StreamingServiceUI\StreamingServiceUI.csproj", "{4D52EB0C-491A-4D8D-9D80-6A07BC2824E9}"
EndProject
Project("{9A19103F-16F7-4668-BE54-9A1E7A4F7556}") = "StreamingServiceModel", "StreamingServiceModel\StreamingServiceModel.csproj", "{58FAE523-DB51-4B95-A39C-A47EB6D21AC9}"
EndProject
Project("{9A19103F-16F7-4668-BE54-9A1E7A4F7556}") = "StreamingServiceDL", "StreamingServiceDL\StreamingServiceDL.csproj", "{1B3B2048-0CD5-419C-812A-37B6D0A69231}"
EndProject
Project("{9A19103F-16F7-4668-BE54-9A1E7A4F7556}") = "StreamingServiceBL", "StreamingServiceBL\StreamingServiceBL.csproj", "{32DF5E61-7B31-431A-BB15-F431285A877F}"
EndProject
Project("{FAE04EC0-301F-11D3-BF4B-00C04F79EFBC}") = "StreamingServiceAPI", "StreamingServiceAPI\StreamingServiceAPI.csproj", "{B1166C75-79AA-432E-B3F4-2CC68A4EF3E0}"
EndProject
Global
	GlobalSection(SolutionConfigurationPlatforms) = preSolution
		Debug|Any CPU = Debug|Any CPU
		Release|Any CPU = Release|Any CPU
	EndGlobalSection
	GlobalSection(ProjectConfigurationPlatforms) = postSolution
		{4D52EB0C-491A-4D8D-9D80-6A07BC2824E9}.Debug|Any CPU.ActiveCfg = Debug|Any CPU
		{4D52EB0C-491A-4D8D-9D80-6A07BC2824E9}.Debug|Any CPU.Build.0 = Debug|Any CPU
		{4D52EB0C-491A-4D8D-9D80-6A07BC2824E9}.Release|Any CPU.ActiveCfg = Release|Any CPU
		{4D52EB0C-491A-4D8D-9D80-6A07BC2824E9}.Release|Any CPU.Build.0 = Release|Any CPU
		{58FAE523-DB51-4B95-A39C-A47EB6D21AC9}.Debug|Any CPU.ActiveCfg = Debug|Any CPU
		{58FAE523-DB51-4B95-A39C-A47EB6D21AC9}.Debug|Any CPU.Build.0 = Debug|Any CPU
		{58FAE523-DB51-4B95-A39C-A47EB6D21AC9}.Release|Any CPU.ActiveCfg = Release|Any CPU
		{58FAE523-DB51-4B95-A39C-A47EB6D21AC9}.Release|Any CPU.Build.0 = Release|Any CPU
		{1B3B2048-0CD5-419C-812A-37B6D0A69231}.Debug|Any CPU.ActiveCfg = Debug|Any CPU
		{1B3B2048-0CD5-419C-812A-37B6D0A69231}.Debug|Any CPU.Build.0 = Debug|Any CPU
		{1B3B2048-0CD5-419C-812A-37B6D0A69231}.Release|Any CPU.ActiveCfg = Release|Any CPU
		{1B3B2048-0CD5-419C-812A-37B6D0A69231}.Release|Any CPU.Build.0 = Release|Any CPU
		{32DF5E61-7B31-431A-BB15-F431285A877F}.Debug|Any CPU.ActiveCfg = Debug|Any CPU
		{32DF5E61-7B31-431A-BB15-F431285A877F}.Debug|Any CPU.Build.0 = Debug|Any CPU
		{32DF5E61-7B31-431A-BB15-F431285A877F}.Release|Any CPU.ActiveCfg = Release|Any CPU
		{32DF5E61-7B31-431A-BB15-F431285A877F}.Release|Any CPU.Build.0 = Release|Any CPU
		{B1166C75-79AA-432E-B3F4-2CC68A4EF3E0}.Debug|Any CPU.ActiveCfg = Debug|Any CPU
		{B1166C75-79AA-432E-B3F4-2CC68A4EF3E0}.Debug|Any CPU.Build.0 = Debug|Any CPU
		{B1166C75-79AA-432E-B3F4-2CC68A4EF3E0}.Release|Any CPU.ActiveCfg = Release|Any CPU
		{B1166C75-79AA-432E-B3F4-2CC68A4EF3E0}.Release|Any CPU.Build.0 = Release|Any CPU
	EndGlobalSection
	GlobalSection(SolutionProperties) = preSolution
		HideSolutionNode = FALSE
	EndGlobalSection
	GlobalSection(ExtensibilityGlobals) = postSolution
		SolutionGuid = {175E2F85-E31F-40CD-942C-3B3CF6202824}
	EndGlobalSection
EndGlobal
